{
    "version": 3,
    "terraform_version": "0.11.8",
    "serial": 13,
    "lineage": "a369249a-a67b-85f4-c0a0-37dce1f4bc7d",
    "modules": [
        {
            "path": [
                "root"
            ],
            "outputs": {},
            "resources": {
                "aws_eip.nat_eip_1": {
                    "type": "aws_eip",
                    "depends_on": [],
                    "primary": {
                        "id": "eipalloc-0c0b88526d7df0d58",
                        "attributes": {
                            "association_id": "eipassoc-88f64d74",
                            "domain": "vpc",
                            "id": "eipalloc-0c0b88526d7df0d58",
                            "instance": "",
                            "network_interface": "eni-05713596447d9610e",
                            "private_ip": "192.168.4.252",
                            "public_ip": "18.219.47.216",
                            "tags.%": "0",
                            "vpc": "true"
                        },
                        "meta": {
                            "e2bfb730-ecaa-11e6-8f88-34363bc7c4c0": {
                                "delete": 180000000000,
                                "read": 900000000000,
                                "update": 300000000000
                            }
                        },
                        "tainted": false
                    },
                    "deposed": [],
                    "provider": "provider.aws"
                },
                "aws_eip.nat_eip_2": {
                    "type": "aws_eip",
                    "depends_on": [],
                    "primary": {
                        "id": "eipalloc-0609ae5a0c662dc65",
                        "attributes": {
                            "association_id": "eipassoc-aaa87467",
                            "domain": "vpc",
                            "id": "eipalloc-0609ae5a0c662dc65",
                            "instance": "",
                            "network_interface": "eni-07b7623f47bdddee1",
                            "private_ip": "192.168.6.72",
                            "public_ip": "18.191.106.222",
                            "tags.%": "0",
                            "vpc": "true"
                        },
                        "meta": {
                            "e2bfb730-ecaa-11e6-8f88-34363bc7c4c0": {
                                "delete": 180000000000,
                                "read": 900000000000,
                                "update": 300000000000
                            }
                        },
                        "tainted": false
                    },
                    "deposed": [],
                    "provider": "provider.aws"
                },
                "aws_internet_gateway.igw_prod": {
                    "type": "aws_internet_gateway",
                    "depends_on": [
                        "aws_vpc.vpc_prod"
                    ],
                    "primary": {
                        "id": "igw-0c62f4b038d78b059",
                        "attributes": {
                            "id": "igw-0c62f4b038d78b059",
                            "tags.%": "1",
                            "tags.Name": "igw_prod",
                            "vpc_id": "vpc-0ab60cedfe8f96136"
                        },
                        "meta": {},
                        "tainted": false
                    },
                    "deposed": [],
                    "provider": "provider.aws"
                },
                "aws_nat_gateway.nat_gw_1": {
                    "type": "aws_nat_gateway",
                    "depends_on": [
                        "aws_eip.nat_eip_1",
                        "aws_internet_gateway.igw_prod",
                        "aws_subnet.public_subnet_1"
                    ],
                    "primary": {
                        "id": "nat-07610f807613f9d51",
                        "attributes": {
                            "allocation_id": "eipalloc-0c0b88526d7df0d58",
                            "id": "nat-07610f807613f9d51",
                            "network_interface_id": "eni-05713596447d9610e",
                            "private_ip": "192.168.4.252",
                            "public_ip": "18.219.47.216",
                            "subnet_id": "subnet-0de356d2242206fc0",
                            "tags.%": "0"
                        },
                        "meta": {},
                        "tainted": false
                    },
                    "deposed": [],
                    "provider": "provider.aws"
                },
                "aws_nat_gateway.nat_gw_2": {
                    "type": "aws_nat_gateway",
                    "depends_on": [
                        "aws_eip.nat_eip_2",
                        "aws_internet_gateway.igw_prod",
                        "aws_subnet.public_subnet_2"
                    ],
                    "primary": {
                        "id": "nat-04c6acdec60e0a015",
                        "attributes": {
                            "allocation_id": "eipalloc-0609ae5a0c662dc65",
                            "id": "nat-04c6acdec60e0a015",
                            "network_interface_id": "eni-07b7623f47bdddee1",
                            "private_ip": "192.168.6.72",
                            "public_ip": "18.191.106.222",
                            "subnet_id": "subnet-032ddc490809cb5d2",
                            "tags.%": "0"
                        },
                        "meta": {},
                        "tainted": false
                    },
                    "deposed": [],
                    "provider": "provider.aws"
                },
                "aws_route_table.dmz_rt": {
                    "type": "aws_route_table",
                    "depends_on": [
                        "aws_internet_gateway.igw_prod",
                        "aws_vpc.vpc_prod"
                    ],
                    "primary": {
                        "id": "rtb-0d58a0e2711559ea8",
                        "attributes": {
                            "id": "rtb-0d58a0e2711559ea8",
                            "propagating_vgws.#": "0",
                            "route.#": "1",
                            "route.219415036.cidr_block": "0.0.0.0/0",
                            "route.219415036.egress_only_gateway_id": "",
                            "route.219415036.gateway_id": "igw-0c62f4b038d78b059",
                            "route.219415036.instance_id": "",
                            "route.219415036.ipv6_cidr_block": "",
                            "route.219415036.nat_gateway_id": "",
                            "route.219415036.network_interface_id": "",
                            "route.219415036.vpc_peering_connection_id": "",
                            "tags.%": "1",
                            "tags.Name": "dmz_rt",
                            "vpc_id": "vpc-0ab60cedfe8f96136"
                        },
                        "meta": {},
                        "tainted": false
                    },
                    "deposed": [],
                    "provider": "provider.aws"
                },
                "aws_route_table.private_rt_1": {
                    "type": "aws_route_table",
                    "depends_on": [
                        "aws_nat_gateway.nat_gw_1",
                        "aws_vpc.vpc_prod"
                    ],
                    "primary": {
                        "id": "rtb-01f45c85eba32df19",
                        "attributes": {
                            "id": "rtb-01f45c85eba32df19",
                            "propagating_vgws.#": "0",
                            "route.#": "1",
                            "route.2530947759.cidr_block": "0.0.0.0/0",
                            "route.2530947759.egress_only_gateway_id": "",
                            "route.2530947759.gateway_id": "",
                            "route.2530947759.instance_id": "",
                            "route.2530947759.ipv6_cidr_block": "",
                            "route.2530947759.nat_gateway_id": "nat-07610f807613f9d51",
                            "route.2530947759.network_interface_id": "",
                            "route.2530947759.vpc_peering_connection_id": "",
                            "tags.%": "1",
                            "tags.Name": "private_rt_1",
                            "vpc_id": "vpc-0ab60cedfe8f96136"
                        },
                        "meta": {},
                        "tainted": false
                    },
                    "deposed": [],
                    "provider": "provider.aws"
                },
                "aws_route_table.private_rt_2": {
                    "type": "aws_route_table",
                    "depends_on": [
                        "aws_nat_gateway.nat_gw_2",
                        "aws_vpc.vpc_prod"
                    ],
                    "primary": {
                        "id": "rtb-097028c3d1ff5a829",
                        "attributes": {
                            "id": "rtb-097028c3d1ff5a829",
                            "propagating_vgws.#": "0",
                            "route.#": "1",
                            "route.2522851368.cidr_block": "0.0.0.0/0",
                            "route.2522851368.egress_only_gateway_id": "",
                            "route.2522851368.gateway_id": "",
                            "route.2522851368.instance_id": "",
                            "route.2522851368.ipv6_cidr_block": "",
                            "route.2522851368.nat_gateway_id": "nat-04c6acdec60e0a015",
                            "route.2522851368.network_interface_id": "",
                            "route.2522851368.vpc_peering_connection_id": "",
                            "tags.%": "1",
                            "tags.Name": "private_rt_2",
                            "vpc_id": "vpc-0ab60cedfe8f96136"
                        },
                        "meta": {},
                        "tainted": false
                    },
                    "deposed": [],
                    "provider": "provider.aws"
                },
                "aws_route_table.public_rt": {
                    "type": "aws_route_table",
                    "depends_on": [
                        "aws_internet_gateway.igw_prod",
                        "aws_vpc.vpc_prod"
                    ],
                    "primary": {
                        "id": "rtb-0b8dcb0bd59cd69eb",
                        "attributes": {
                            "id": "rtb-0b8dcb0bd59cd69eb",
                            "propagating_vgws.#": "0",
                            "route.#": "1",
                            "route.219415036.cidr_block": "0.0.0.0/0",
                            "route.219415036.egress_only_gateway_id": "",
                            "route.219415036.gateway_id": "igw-0c62f4b038d78b059",
                            "route.219415036.instance_id": "",
                            "route.219415036.ipv6_cidr_block": "",
                            "route.219415036.nat_gateway_id": "",
                            "route.219415036.network_interface_id": "",
                            "route.219415036.vpc_peering_connection_id": "",
                            "tags.%": "1",
                            "tags.Name": "public_rt",
                            "vpc_id": "vpc-0ab60cedfe8f96136"
                        },
                        "meta": {},
                        "tainted": false
                    },
                    "deposed": [],
                    "provider": "provider.aws"
                },
                "aws_route_table_association.dmz_rt_subnet_1": {
                    "type": "aws_route_table_association",
                    "depends_on": [
                        "aws_route_table.dmz_rt",
                        "aws_subnet.dmz_subnet_1"
                    ],
                    "primary": {
                        "id": "rtbassoc-0874fb0ee1c88cbb6",
                        "attributes": {
                            "id": "rtbassoc-0874fb0ee1c88cbb6",
                            "route_table_id": "rtb-0d58a0e2711559ea8",
                            "subnet_id": "subnet-03b32f9ed55ab2830"
                        },
                        "meta": {},
                        "tainted": false
                    },
                    "deposed": [],
                    "provider": "provider.aws"
                },
                "aws_route_table_association.dmz_rt_subnet_2": {
                    "type": "aws_route_table_association",
                    "depends_on": [
                        "aws_route_table.dmz_rt",
                        "aws_subnet.dmz_subnet_2"
                    ],
                    "primary": {
                        "id": "rtbassoc-09a238f6a523ec121",
                        "attributes": {
                            "id": "rtbassoc-09a238f6a523ec121",
                            "route_table_id": "rtb-0d58a0e2711559ea8",
                            "subnet_id": "subnet-0ee11037ca64d21d8"
                        },
                        "meta": {},
                        "tainted": false
                    },
                    "deposed": [],
                    "provider": "provider.aws"
                },
                "aws_route_table_association.private_rta_1": {
                    "type": "aws_route_table_association",
                    "depends_on": [
                        "aws_route_table.private_rt_1",
                        "aws_subnet.private_subnet_1"
                    ],
                    "primary": {
                        "id": "rtbassoc-0ed1aa9cca89b484c",
                        "attributes": {
                            "id": "rtbassoc-0ed1aa9cca89b484c",
                            "route_table_id": "rtb-01f45c85eba32df19",
                            "subnet_id": "subnet-0579bebb8ae4768dc"
                        },
                        "meta": {},
                        "tainted": false
                    },
                    "deposed": [],
                    "provider": "provider.aws"
                },
                "aws_route_table_association.private_rta_2": {
                    "type": "aws_route_table_association",
                    "depends_on": [
                        "aws_route_table.private_rt_2",
                        "aws_subnet.private_subnet_2"
                    ],
                    "primary": {
                        "id": "rtbassoc-00a34e97149c19876",
                        "attributes": {
                            "id": "rtbassoc-00a34e97149c19876",
                            "route_table_id": "rtb-097028c3d1ff5a829",
                            "subnet_id": "subnet-01448b70bc218820a"
                        },
                        "meta": {},
                        "tainted": false
                    },
                    "deposed": [],
                    "provider": "provider.aws"
                },
                "aws_route_table_association.public_rt_subnet_1": {
                    "type": "aws_route_table_association",
                    "depends_on": [
                        "aws_route_table.public_rt",
                        "aws_subnet.public_subnet_1"
                    ],
                    "primary": {
                        "id": "rtbassoc-0bf8bc4ec6e53696a",
                        "attributes": {
                            "id": "rtbassoc-0bf8bc4ec6e53696a",
                            "route_table_id": "rtb-0b8dcb0bd59cd69eb",
                            "subnet_id": "subnet-0de356d2242206fc0"
                        },
                        "meta": {},
                        "tainted": false
                    },
                    "deposed": [],
                    "provider": "provider.aws"
                },
                "aws_route_table_association.public_rt_subnet_2": {
                    "type": "aws_route_table_association",
                    "depends_on": [
                        "aws_route_table.public_rt",
                        "aws_subnet.public_subnet_2"
                    ],
                    "primary": {
                        "id": "rtbassoc-0a141cc30114c0660",
                        "attributes": {
                            "id": "rtbassoc-0a141cc30114c0660",
                            "route_table_id": "rtb-0b8dcb0bd59cd69eb",
                            "subnet_id": "subnet-032ddc490809cb5d2"
                        },
                        "meta": {},
                        "tainted": false
                    },
                    "deposed": [],
                    "provider": "provider.aws"
                },
                "aws_subnet.dmz_subnet_1": {
                    "type": "aws_subnet",
                    "depends_on": [
                        "aws_vpc.vpc_prod"
                    ],
                    "primary": {
                        "id": "subnet-03b32f9ed55ab2830",
                        "attributes": {
                            "arn": "arn:aws:ec2:us-east-2:435034532584:subnet/subnet-03b32f9ed55ab2830",
                            "assign_ipv6_address_on_creation": "false",
                            "availability_zone": "us-east-2a",
                            "cidr_block": "192.168.0.0/23",
                            "id": "subnet-03b32f9ed55ab2830",
                            "map_public_ip_on_launch": "true",
                            "tags.%": "1",
                            "tags.Name": "dmz_subnet_1",
                            "vpc_id": "vpc-0ab60cedfe8f96136"
                        },
                        "meta": {
                            "schema_version": "1"
                        },
                        "tainted": false
                    },
                    "deposed": [],
                    "provider": "provider.aws"
                },
                "aws_subnet.dmz_subnet_2": {
                    "type": "aws_subnet",
                    "depends_on": [
                        "aws_vpc.vpc_prod"
                    ],
                    "primary": {
                        "id": "subnet-0ee11037ca64d21d8",
                        "attributes": {
                            "arn": "arn:aws:ec2:us-east-2:435034532584:subnet/subnet-0ee11037ca64d21d8",
                            "assign_ipv6_address_on_creation": "false",
                            "availability_zone": "us-east-2b",
                            "cidr_block": "192.168.2.0/23",
                            "id": "subnet-0ee11037ca64d21d8",
                            "map_public_ip_on_launch": "true",
                            "tags.%": "1",
                            "tags.Name": "dmz_subnet_2",
                            "vpc_id": "vpc-0ab60cedfe8f96136"
                        },
                        "meta": {
                            "schema_version": "1"
                        },
                        "tainted": false
                    },
                    "deposed": [],
                    "provider": "provider.aws"
                },
                "aws_subnet.private_subnet_1": {
                    "type": "aws_subnet",
                    "depends_on": [
                        "aws_vpc.vpc_prod"
                    ],
                    "primary": {
                        "id": "subnet-0579bebb8ae4768dc",
                        "attributes": {
                            "arn": "arn:aws:ec2:us-east-2:435034532584:subnet/subnet-0579bebb8ae4768dc",
                            "assign_ipv6_address_on_creation": "false",
                            "availability_zone": "us-east-2a",
                            "cidr_block": "192.168.8.0/23",
                            "id": "subnet-0579bebb8ae4768dc",
                            "map_public_ip_on_launch": "false",
                            "tags.%": "1",
                            "tags.Name": "private_subnet_1",
                            "vpc_id": "vpc-0ab60cedfe8f96136"
                        },
                        "meta": {
                            "schema_version": "1"
                        },
                        "tainted": false
                    },
                    "deposed": [],
                    "provider": "provider.aws"
                },
                "aws_subnet.private_subnet_2": {
                    "type": "aws_subnet",
                    "depends_on": [
                        "aws_vpc.vpc_prod"
                    ],
                    "primary": {
                        "id": "subnet-01448b70bc218820a",
                        "attributes": {
                            "arn": "arn:aws:ec2:us-east-2:435034532584:subnet/subnet-01448b70bc218820a",
                            "assign_ipv6_address_on_creation": "false",
                            "availability_zone": "us-east-2b",
                            "cidr_block": "192.168.10.0/23",
                            "id": "subnet-01448b70bc218820a",
                            "map_public_ip_on_launch": "false",
                            "tags.%": "1",
                            "tags.Name": "private_subnet_2",
                            "vpc_id": "vpc-0ab60cedfe8f96136"
                        },
                        "meta": {
                            "schema_version": "1"
                        },
                        "tainted": false
                    },
                    "deposed": [],
                    "provider": "provider.aws"
                },
                "aws_subnet.public_subnet_1": {
                    "type": "aws_subnet",
                    "depends_on": [
                        "aws_vpc.vpc_prod"
                    ],
                    "primary": {
                        "id": "subnet-0de356d2242206fc0",
                        "attributes": {
                            "arn": "arn:aws:ec2:us-east-2:435034532584:subnet/subnet-0de356d2242206fc0",
                            "assign_ipv6_address_on_creation": "false",
                            "availability_zone": "us-east-2a",
                            "cidr_block": "192.168.4.0/23",
                            "id": "subnet-0de356d2242206fc0",
                            "map_public_ip_on_launch": "true",
                            "tags.%": "1",
                            "tags.Name": "public_subnet_1",
                            "vpc_id": "vpc-0ab60cedfe8f96136"
                        },
                        "meta": {
                            "schema_version": "1"
                        },
                        "tainted": false
                    },
                    "deposed": [],
                    "provider": "provider.aws"
                },
                "aws_subnet.public_subnet_2": {
                    "type": "aws_subnet",
                    "depends_on": [
                        "aws_vpc.vpc_prod"
                    ],
                    "primary": {
                        "id": "subnet-032ddc490809cb5d2",
                        "attributes": {
                            "arn": "arn:aws:ec2:us-east-2:435034532584:subnet/subnet-032ddc490809cb5d2",
                            "assign_ipv6_address_on_creation": "false",
                            "availability_zone": "us-east-2b",
                            "cidr_block": "192.168.6.0/23",
                            "id": "subnet-032ddc490809cb5d2",
                            "map_public_ip_on_launch": "true",
                            "tags.%": "1",
                            "tags.Name": "public_subnet_2",
                            "vpc_id": "vpc-0ab60cedfe8f96136"
                        },
                        "meta": {
                            "schema_version": "1"
                        },
                        "tainted": false
                    },
                    "deposed": [],
                    "provider": "provider.aws"
                },
                "aws_vpc.vpc_prod": {
                    "type": "aws_vpc",
                    "depends_on": [],
                    "primary": {
                        "id": "vpc-0ab60cedfe8f96136",
                        "attributes": {
                            "arn": "arn:aws:ec2:us-east-2:435034532584:vpc/vpc-0ab60cedfe8f96136",
                            "assign_generated_ipv6_cidr_block": "false",
                            "cidr_block": "192.168.0.0/16",
                            "default_network_acl_id": "acl-00a29684abdd718bb",
                            "default_route_table_id": "rtb-004a616f0c4e3832e",
                            "default_security_group_id": "sg-0a16187da3fa7e17e",
                            "dhcp_options_id": "dopt-89bbaee1",
                            "enable_dns_hostnames": "false",
                            "enable_dns_support": "true",
                            "id": "vpc-0ab60cedfe8f96136",
                            "instance_tenancy": "default",
                            "main_route_table_id": "rtb-004a616f0c4e3832e",
                            "tags.%": "1",
                            "tags.Name": "vpc_prod"
                        },
                        "meta": {
                            "schema_version": "1"
                        },
                        "tainted": false
                    },
                    "deposed": [],
                    "provider": "provider.aws"
                }
            },
            "depends_on": []
        }
    ]
}
